Microsoft Visual Studio Solution File, Format Version 12.00
# Visual Studio Version 17
VisualStudioVersion = 17.5.2.0
MinimumVisualStudioVersion = 10.0.40219.1
Project("{FAE04EC0-301F-11D3-BF4B-00C04F79EFBC}") = "LaboratorioAvengers", "LaboratorioAvengers.csproj", "{69B43A20-A5FE-AB0B-41DA-C25EADBB9D3E}"
EndProject
Global
	GlobalSection(SolutionConfigurationPlatforms) = preSolution
		Debug|Any CPU = Debug|Any CPU
		Release|Any CPU = Release|Any CPU
	EndGlobalSection
	GlobalSection(ProjectConfigurationPlatforms) = postSolution
		{69B43A20-A5FE-AB0B-41DA-C25EADBB9D3E}.Debug|Any CPU.ActiveCfg = Debug|Any CPU
		{69B43A20-A5FE-AB0B-41DA-C25EADBB9D3E}.Debug|Any CPU.Build.0 = Debug|Any CPU
		{69B43A20-A5FE-AB0B-41DA-C25EADBB9D3E}.Release|Any CPU.ActiveCfg = Release|Any CPU
		{69B43A20-A5FE-AB0B-41DA-C25EADBB9D3E}.Release|Any CPU.Build.0 = Release|Any CPU
	EndGlobalSection
	GlobalSection(SolutionProperties) = preSolution
		HideSolutionNode = FALSE
	EndGlobalSection
	GlobalSection(ExtensibilityGlobals) = postSolution
		SolutionGuid = {0759E3C0-8F45-400A-AF99-9A27E2E3EE44}
	EndGlobalSection
EndGlobal
